
Microsoft Visual Studio Solution File, Format Version 12.00
# Visual Studio 15
VisualStudioVersion = 15.0.27703.2047
MinimumVisualStudioVersion = 10.0.40219.1
Project("{FAE04EC0-301F-11D3-BF4B-00C04F79EFBC}") = "DesenvolvimentoWeb.Vendas", "DesenvolvimentoWeb.Vendas\DesenvolvimentoWeb.Vendas.csproj", "{28D050AC-9244-45F1-9DE2-B0B7A175635E}"
EndProject
Global
	GlobalSection(SolutionConfigurationPlatforms) = preSolution
		Debug|Any CPU = Debug|Any CPU
		Release|Any CPU = Release|Any CPU
	EndGlobalSection
	GlobalSection(ProjectConfigurationPlatforms) = postSolution
		{28D050AC-9244-45F1-9DE2-B0B7A175635E}.Debug|Any CPU.ActiveCfg = Debug|Any CPU
		{28D050AC-9244-45F1-9DE2-B0B7A175635E}.Debug|Any CPU.Build.0 = Debug|Any CPU
		{28D050AC-9244-45F1-9DE2-B0B7A175635E}.Release|Any CPU.ActiveCfg = Release|Any CPU
		{28D050AC-9244-45F1-9DE2-B0B7A175635E}.Release|Any CPU.Build.0 = Release|Any CPU
	EndGlobalSection
	GlobalSection(SolutionProperties) = preSolution
		HideSolutionNode = FALSE
	EndGlobalSection
	GlobalSection(ExtensibilityGlobals) = postSolution
		SolutionGuid = {EED8FDE4-E4C2-4710-BDEE-D11692E61BB7}
	EndGlobalSection
EndGlobal
